
Microsoft Visual Studio Solution File, Format Version 12.00
# Visual Studio Version 17
VisualStudioVersion = 17.11.35303.130
MinimumVisualStudioVersion = 10.0.40219.1
Project("{FAE04EC0-301F-11D3-BF4B-00C04F79EFBC}") = "BT_Bien&Hang", "BT_Bien&Hang\BT_Bien&Hang.csproj", "{76E8733D-AE4D-472F-94BC-31E38E5840E5}"
EndProject
Global
	GlobalSection(SolutionConfigurationPlatforms) = preSolution
		Debug|Any CPU = Debug|Any CPU
		Release|Any CPU = Release|Any CPU
	EndGlobalSection
	GlobalSection(ProjectConfigurationPlatforms) = postSolution
		{76E8733D-AE4D-472F-94BC-31E38E5840E5}.Debug|Any CPU.ActiveCfg = Debug|Any CPU
		{76E8733D-AE4D-472F-94BC-31E38E5840E5}.Debug|Any CPU.Build.0 = Debug|Any CPU
		{76E8733D-AE4D-472F-94BC-31E38E5840E5}.Release|Any CPU.ActiveCfg = Release|Any CPU
		{76E8733D-AE4D-472F-94BC-31E38E5840E5}.Release|Any CPU.Build.0 = Release|Any CPU
	EndGlobalSection
	GlobalSection(SolutionProperties) = preSolution
		HideSolutionNode = FALSE
	EndGlobalSection
	GlobalSection(ExtensibilityGlobals) = postSolution
		SolutionGuid = {B09C476C-C19A-4434-9014-885DB4502103}
	EndGlobalSection
EndGlobal
